
Microsoft Visual Studio Solution File, Format Version 12.00
# Visual Studio Version 17
VisualStudioVersion = 17.14.36915.13 d17.14
MinimumVisualStudioVersion = 10.0.40219.1
Project("{FAE04EC0-301F-11D3-BF4B-00C04F79EFBC}") = "GestorProductosWPF", "GestorProductosWPF.csproj", "{3002472D-F456-42C3-928B-AB7F83A8F403}"
EndProject
Global
	GlobalSection(SolutionConfigurationPlatforms) = preSolution
		Debug|Any CPU = Debug|Any CPU
		Release|Any CPU = Release|Any CPU
	EndGlobalSection
	GlobalSection(ProjectConfigurationPlatforms) = postSolution
		{3002472D-F456-42C3-928B-AB7F83A8F403}.Debug|Any CPU.ActiveCfg = Debug|Any CPU
		{3002472D-F456-42C3-928B-AB7F83A8F403}.Debug|Any CPU.Build.0 = Debug|Any CPU
		{3002472D-F456-42C3-928B-AB7F83A8F403}.Release|Any CPU.ActiveCfg = Release|Any CPU
		{3002472D-F456-42C3-928B-AB7F83A8F403}.Release|Any CPU.Build.0 = Release|Any CPU
	EndGlobalSection
	GlobalSection(SolutionProperties) = preSolution
		HideSolutionNode = FALSE
	EndGlobalSection
	GlobalSection(ExtensibilityGlobals) = postSolution
		SolutionGuid = {6B2006EC-43E4-46A4-B3BE-8D16B5C1C8D1}
	EndGlobalSection
EndGlobal
